{
  "name": "jianghuai",
  "version": "1.0.0",
  "lockfileVersion": 1,
  "requires": true,
  "dependencies": {
    "@vant/weapp": {
      "version": "1.6.8",
      "resolved": "https://registry.npmjs.org/@vant/weapp/-/weapp-1.6.8.tgz",
      "integrity": "sha512-CvRgAZdGUtJKEnd2wmjw3oaRYXBq/YqerFTmf19cTd3G9+vRR67nSXPMUNQEoPPSm7LZo6gF6Xk/5pYx4Q4C0Q=="
    },
    "coffee-script": {
      "version": "1.12.7",
      "resolved": "https://registry.npmjs.org/coffee-script/-/coffee-script-1.12.7.tgz",
      "integrity": "sha512-fLeEhqwymYat/MpTPUjSKHVYYl0ec2mOyALEMLmzr5i1isuG+6jfI2j2d5oBO3VIzgUXgBVIcOT9uH1TFxBckw==",
      "dev": true
    }
  }
}
